
Microsoft Visual Studio Solution File, Format Version 12.00
# Visual Studio 15
VisualStudioVersion = 15.0.27130.2010
MinimumVisualStudioVersion = 10.0.40219.1
Project("{8BC9CEB8-8B4A-11D0-8D11-00A0C91BC942}") = "NanoGuiTest", "NanoGuiTest.vcxproj", "{72F909DA-109D-4999-ADDE-297422EBF27B}"
EndProject
Project("{8BC9CEB8-8B4A-11D0-8D11-00A0C91BC942}") = "nanoguiLib", "nanoguiLib.vcxproj", "{FA25898C-3235-4B2B-B4BA-2D0463EFD396}"
EndProject
Global
	GlobalSection(SolutionConfigurationPlatforms) = preSolution
		Debug|Win32 = Debug|Win32
		Debug|x64 = Debug|x64
		Release|Win32 = Release|Win32
		Release|x64 = Release|x64
	EndGlobalSection
	GlobalSection(ProjectConfigurationPlatforms) = postSolution
		{72F909DA-109D-4999-ADDE-297422EBF27B}.Debug|Win32.ActiveCfg = Debug|Win32
		{72F909DA-109D-4999-ADDE-297422EBF27B}.Debug|Win32.Build.0 = Debug|Win32
		{72F909DA-109D-4999-ADDE-297422EBF27B}.Debug|x64.ActiveCfg = Debug|x64
		{72F909DA-109D-4999-ADDE-297422EBF27B}.Debug|x64.Build.0 = Debug|x64
		{72F909DA-109D-4999-ADDE-297422EBF27B}.Release|Win32.ActiveCfg = Release|Win32
		{72F909DA-109D-4999-ADDE-297422EBF27B}.Release|Win32.Build.0 = Release|Win32
		{72F909DA-109D-4999-ADDE-297422EBF27B}.Release|x64.ActiveCfg = Release|x64
		{72F909DA-109D-4999-ADDE-297422EBF27B}.Release|x64.Build.0 = Release|x64
		{FA25898C-3235-4B2B-B4BA-2D0463EFD396}.Debug|Win32.ActiveCfg = Debug|Win32
		{FA25898C-3235-4B2B-B4BA-2D0463EFD396}.Debug|Win32.Build.0 = Debug|Win32
		{FA25898C-3235-4B2B-B4BA-2D0463EFD396}.Debug|x64.ActiveCfg = Debug|x64
		{FA25898C-3235-4B2B-B4BA-2D0463EFD396}.Debug|x64.Build.0 = Debug|x64
		{FA25898C-3235-4B2B-B4BA-2D0463EFD396}.Release|Win32.ActiveCfg = Release|Win32
		{FA25898C-3235-4B2B-B4BA-2D0463EFD396}.Release|Win32.Build.0 = Release|Win32
		{FA25898C-3235-4B2B-B4BA-2D0463EFD396}.Release|x64.ActiveCfg = Release|x64
		{FA25898C-3235-4B2B-B4BA-2D0463EFD396}.Release|x64.Build.0 = Release|x64
	EndGlobalSection
	GlobalSection(SolutionProperties) = preSolution
		HideSolutionNode = FALSE
	EndGlobalSection
	GlobalSection(ExtensibilityGlobals) = postSolution
		SolutionGuid = {2A937B18-26B1-4AA6-82D1-D9DAD86F96A5}
	EndGlobalSection
EndGlobal
